Microsoft Visual Studio Solution File, Format Version 12.00
# Visual Studio Version 17
VisualStudioVersion = 17.5.2.0
MinimumVisualStudioVersion = 10.0.40219.1
Project("{FAE04EC0-301F-11D3-BF4B-00C04F79EFBC}") = "DevOpsDashboard.API", "backend\DevOpsDashboard.API.csproj", "{F242693C-CECC-B423-3B34-8B22BF0A65D5}"
EndProject
Global
	GlobalSection(SolutionConfigurationPlatforms) = preSolution
		Debug|Any CPU = Debug|Any CPU
		Release|Any CPU = Release|Any CPU
	EndGlobalSection
	GlobalSection(ProjectConfigurationPlatforms) = postSolution
		{F242693C-CECC-B423-3B34-8B22BF0A65D5}.Debug|Any CPU.ActiveCfg = Debug|Any CPU
		{F242693C-CECC-B423-3B34-8B22BF0A65D5}.Debug|Any CPU.Build.0 = Debug|Any CPU
		{F242693C-CECC-B423-3B34-8B22BF0A65D5}.Release|Any CPU.ActiveCfg = Release|Any CPU
		{F242693C-CECC-B423-3B34-8B22BF0A65D5}.Release|Any CPU.Build.0 = Release|Any CPU
	EndGlobalSection
	GlobalSection(SolutionProperties) = preSolution
		HideSolutionNode = FALSE
	EndGlobalSection
	GlobalSection(ExtensibilityGlobals) = postSolution
		SolutionGuid = {6E2E556E-CAAC-465F-B239-16C328EAFE3C}
	EndGlobalSection
EndGlobal
